
Microsoft Visual Studio Solution File, Format Version 12.00
# Visual Studio Version 16
VisualStudioVersion = 16.0.29311.281
MinimumVisualStudioVersion = 10.0.40219.1
Project("{2150E333-8FDC-42A3-9474-1A3956D46DE8}") = "00-ProductProjectTemplate", "00-ProductProjectTemplate", "{481C8C15-0AA8-4A51-A72C-2B037C3FE9ED}"
EndProject
Project("{2150E333-8FDC-42A3-9474-1A3956D46DE8}") = "01-CommonLibrary", "01-CommonLibrary", "{A7D2C489-A419-4496-A8C6-9CF7A57A4754}"
EndProject
Project("{2150E333-8FDC-42A3-9474-1A3956D46DE8}") = "02-BaseLibrary", "02-BaseLibrary", "{F482C96B-20EC-411E-8AFB-1831AEA2F0BE}"
EndProject
Project("{2150E333-8FDC-42A3-9474-1A3956D46DE8}") = "03-ProductLibrary", "03-ProductLibrary", "{700941A0-CCA3-4136-B8FE-4F3F98928833}"
EndProject
Project("{FAE04EC0-301F-11D3-BF4B-00C04F79EFBC}") = "Common", "Common\Common.csproj", "{F7F5A9BB-6B92-45C0-83C1-4A10DA74B654}"
EndProject
Project("{FAE04EC0-301F-11D3-BF4B-00C04F79EFBC}") = "InfoMessageLogger", "InfoMessageLogger\InfoMessageLogger.csproj", "{57E9210A-687F-4DA5-99A2-052644163F1E}"
EndProject
Project("{FAE04EC0-301F-11D3-BF4B-00C04F79EFBC}") = "TestData", "TestData\TestData.csproj", "{0280EB17-9EB8-4438-AC2B-28C04D1D1091}"
EndProject
Project("{FAE04EC0-301F-11D3-BF4B-00C04F79EFBC}") = "BaseUtility", "BaseUtility\BaseUtility.csproj", "{FE2A5F2F-FA49-4E1C-A89B-430DBB8822D3}"
EndProject
Project("{FAE04EC0-301F-11D3-BF4B-00C04F79EFBC}") = "eLoyaltyV3", "ProductLibrary\eLoyaltyV3\eLoyaltyV3.csproj", "{45B4EF31-F462-43A1-ADEB-F0408F847CA6}"
EndProject
Project("{FAE04EC0-301F-11D3-BF4B-00C04F79EFBC}") = "CendynProjectTemplate", "ProductProjectTemplate\CendynProjectTemplate\CendynProjectTemplate.csproj", "{CE960307-5832-4702-A60F-6942F54DB199}"
EndProject
Project("{FAE04EC0-301F-11D3-BF4B-00C04F79EFBC}") = "eProposal", "ProductLibrary\eProposal\eProposal.csproj", "{291603A4-57E5-48B1-B206-F1348481EA58}"
EndProject
Project("{FAE04EC0-301F-11D3-BF4B-00C04F79EFBC}") = "eInsight", "ProductLibrary\eInsight\eInsight.csproj", "{66E39A10-572A-4A38-B9AF-A30693DFB6A6}"
EndProject
Global
	GlobalSection(SolutionConfigurationPlatforms) = preSolution
		Debug|Any CPU = Debug|Any CPU
		Release|Any CPU = Release|Any CPU
	EndGlobalSection
	GlobalSection(ProjectConfigurationPlatforms) = postSolution
		{F7F5A9BB-6B92-45C0-83C1-4A10DA74B654}.Debug|Any CPU.ActiveCfg = Debug|Any CPU
		{F7F5A9BB-6B92-45C0-83C1-4A10DA74B654}.Debug|Any CPU.Build.0 = Debug|Any CPU
		{F7F5A9BB-6B92-45C0-83C1-4A10DA74B654}.Release|Any CPU.ActiveCfg = Release|Any CPU
		{F7F5A9BB-6B92-45C0-83C1-4A10DA74B654}.Release|Any CPU.Build.0 = Release|Any CPU
		{57E9210A-687F-4DA5-99A2-052644163F1E}.Debug|Any CPU.ActiveCfg = Debug|Any CPU
		{57E9210A-687F-4DA5-99A2-052644163F1E}.Debug|Any CPU.Build.0 = Debug|Any CPU
		{57E9210A-687F-4DA5-99A2-052644163F1E}.Release|Any CPU.ActiveCfg = Release|Any CPU
		{57E9210A-687F-4DA5-99A2-052644163F1E}.Release|Any CPU.Build.0 = Release|Any CPU
		{0280EB17-9EB8-4438-AC2B-28C04D1D1091}.Debug|Any CPU.ActiveCfg = Debug|Any CPU
		{0280EB17-9EB8-4438-AC2B-28C04D1D1091}.Debug|Any CPU.Build.0 = Debug|Any CPU
		{0280EB17-9EB8-4438-AC2B-28C04D1D1091}.Release|Any CPU.ActiveCfg = Release|Any CPU
		{0280EB17-9EB8-4438-AC2B-28C04D1D1091}.Release|Any CPU.Build.0 = Release|Any CPU
		{FE2A5F2F-FA49-4E1C-A89B-430DBB8822D3}.Debug|Any CPU.ActiveCfg = Debug|Any CPU
		{FE2A5F2F-FA49-4E1C-A89B-430DBB8822D3}.Debug|Any CPU.Build.0 = Debug|Any CPU
		{FE2A5F2F-FA49-4E1C-A89B-430DBB8822D3}.Release|Any CPU.ActiveCfg = Release|Any CPU
		{FE2A5F2F-FA49-4E1C-A89B-430DBB8822D3}.Release|Any CPU.Build.0 = Release|Any CPU
		{45B4EF31-F462-43A1-ADEB-F0408F847CA6}.Debug|Any CPU.ActiveCfg = Debug|Any CPU
		{45B4EF31-F462-43A1-ADEB-F0408F847CA6}.Debug|Any CPU.Build.0 = Debug|Any CPU
		{45B4EF31-F462-43A1-ADEB-F0408F847CA6}.Release|Any CPU.ActiveCfg = Release|Any CPU
		{45B4EF31-F462-43A1-ADEB-F0408F847CA6}.Release|Any CPU.Build.0 = Release|Any CPU
		{CE960307-5832-4702-A60F-6942F54DB199}.Debug|Any CPU.ActiveCfg = Debug|Any CPU
		{CE960307-5832-4702-A60F-6942F54DB199}.Debug|Any CPU.Build.0 = Debug|Any CPU
		{CE960307-5832-4702-A60F-6942F54DB199}.Release|Any CPU.ActiveCfg = Release|Any CPU
		{CE960307-5832-4702-A60F-6942F54DB199}.Release|Any CPU.Build.0 = Release|Any CPU
		{291603A4-57E5-48B1-B206-F1348481EA58}.Debug|Any CPU.ActiveCfg = Debug|Any CPU
		{291603A4-57E5-48B1-B206-F1348481EA58}.Debug|Any CPU.Build.0 = Debug|Any CPU
		{291603A4-57E5-48B1-B206-F1348481EA58}.Release|Any CPU.ActiveCfg = Release|Any CPU
		{291603A4-57E5-48B1-B206-F1348481EA58}.Release|Any CPU.Build.0 = Release|Any CPU
		{66E39A10-572A-4A38-B9AF-A30693DFB6A6}.Debug|Any CPU.ActiveCfg = Debug|Any CPU
		{66E39A10-572A-4A38-B9AF-A30693DFB6A6}.Debug|Any CPU.Build.0 = Debug|Any CPU
		{66E39A10-572A-4A38-B9AF-A30693DFB6A6}.Release|Any CPU.ActiveCfg = Release|Any CPU
		{66E39A10-572A-4A38-B9AF-A30693DFB6A6}.Release|Any CPU.Build.0 = Release|Any CPU
	EndGlobalSection
	GlobalSection(SolutionProperties) = preSolution
		HideSolutionNode = FALSE
	EndGlobalSection
	GlobalSection(NestedProjects) = preSolution
		{F7F5A9BB-6B92-45C0-83C1-4A10DA74B654} = {A7D2C489-A419-4496-A8C6-9CF7A57A4754}
		{57E9210A-687F-4DA5-99A2-052644163F1E} = {A7D2C489-A419-4496-A8C6-9CF7A57A4754}
		{0280EB17-9EB8-4438-AC2B-28C04D1D1091} = {A7D2C489-A419-4496-A8C6-9CF7A57A4754}
		{FE2A5F2F-FA49-4E1C-A89B-430DBB8822D3} = {F482C96B-20EC-411E-8AFB-1831AEA2F0BE}
		{45B4EF31-F462-43A1-ADEB-F0408F847CA6} = {700941A0-CCA3-4136-B8FE-4F3F98928833}
		{CE960307-5832-4702-A60F-6942F54DB199} = {481C8C15-0AA8-4A51-A72C-2B037C3FE9ED}
		{291603A4-57E5-48B1-B206-F1348481EA58} = {700941A0-CCA3-4136-B8FE-4F3F98928833}
		{66E39A10-572A-4A38-B9AF-A30693DFB6A6} = {700941A0-CCA3-4136-B8FE-4F3F98928833}
	EndGlobalSection
	GlobalSection(ExtensibilityGlobals) = postSolution
		SolutionGuid = {153FC660-03A1-4783-896A-7BA3AC4FE87E}
	EndGlobalSection
EndGlobal
