
Microsoft Visual Studio Solution File, Format Version 12.00
# Visual Studio Version 16
VisualStudioVersion = 16.0.32228.343
MinimumVisualStudioVersion = 10.0.40219.1
Project("{FAE04EC0-301F-11D3-BF4B-00C04F79EFBC}") = "BaseUtility", "..\..\BaseUtility\BaseUtility.csproj", "{FE2A5F2F-FA49-4E1C-A89B-430DBB8822D3}"
EndProject
Project("{FAE04EC0-301F-11D3-BF4B-00C04F79EFBC}") = "Common", "..\..\Common\Common.csproj", "{F7F5A9BB-6B92-45C0-83C1-4A10DA74B654}"
EndProject
Project("{FAE04EC0-301F-11D3-BF4B-00C04F79EFBC}") = "InfoMessageLogger", "..\..\InfoMessageLogger\InfoMessageLogger.csproj", "{57E9210A-687F-4DA5-99A2-052644163F1E}"
EndProject
Project("{FAE04EC0-301F-11D3-BF4B-00C04F79EFBC}") = "TestData", "..\..\TestData\TestData.csproj", "{0280EB17-9EB8-4438-AC2B-28C04D1D1091}"
EndProject
Project("{FAE04EC0-301F-11D3-BF4B-00C04F79EFBC}") = "MarketingAutomation", "MarketingAutomation.csproj", "{DA29F9C1-72D9-4F8D-B350-750F5F1504FB}"
EndProject
Global
	GlobalSection(SolutionConfigurationPlatforms) = preSolution
		Debug|Any CPU = Debug|Any CPU
		Demo|Any CPU = Demo|Any CPU
		Dev|Any CPU = Dev|Any CPU
		QA|Any CPU = QA|Any CPU
		QA2|Any CPU = QA2|Any CPU
		Release|Any CPU = Release|Any CPU
		UAT|Any CPU = UAT|Any CPU
	EndGlobalSection
	GlobalSection(ProjectConfigurationPlatforms) = postSolution
		{FE2A5F2F-FA49-4E1C-A89B-430DBB8822D3}.Debug|Any CPU.ActiveCfg = Debug|Any CPU
		{FE2A5F2F-FA49-4E1C-A89B-430DBB8822D3}.Debug|Any CPU.Build.0 = Debug|Any CPU
		{FE2A5F2F-FA49-4E1C-A89B-430DBB8822D3}.Demo|Any CPU.ActiveCfg = Demo|Any CPU
		{FE2A5F2F-FA49-4E1C-A89B-430DBB8822D3}.Demo|Any CPU.Build.0 = Demo|Any CPU
		{FE2A5F2F-FA49-4E1C-A89B-430DBB8822D3}.Dev|Any CPU.ActiveCfg = Dev|Any CPU
		{FE2A5F2F-FA49-4E1C-A89B-430DBB8822D3}.Dev|Any CPU.Build.0 = Dev|Any CPU
		{FE2A5F2F-FA49-4E1C-A89B-430DBB8822D3}.QA|Any CPU.ActiveCfg = QA|Any CPU
		{FE2A5F2F-FA49-4E1C-A89B-430DBB8822D3}.QA|Any CPU.Build.0 = QA|Any CPU
		{FE2A5F2F-FA49-4E1C-A89B-430DBB8822D3}.QA2|Any CPU.ActiveCfg = QA2|Any CPU
		{FE2A5F2F-FA49-4E1C-A89B-430DBB8822D3}.QA2|Any CPU.Build.0 = QA2|Any CPU
		{FE2A5F2F-FA49-4E1C-A89B-430DBB8822D3}.Release|Any CPU.ActiveCfg = Release|Any CPU
		{FE2A5F2F-FA49-4E1C-A89B-430DBB8822D3}.Release|Any CPU.Build.0 = Release|Any CPU
		{FE2A5F2F-FA49-4E1C-A89B-430DBB8822D3}.UAT|Any CPU.ActiveCfg = UAT|Any CPU
		{FE2A5F2F-FA49-4E1C-A89B-430DBB8822D3}.UAT|Any CPU.Build.0 = UAT|Any CPU
		{F7F5A9BB-6B92-45C0-83C1-4A10DA74B654}.Debug|Any CPU.ActiveCfg = Debug|Any CPU
		{F7F5A9BB-6B92-45C0-83C1-4A10DA74B654}.Debug|Any CPU.Build.0 = Debug|Any CPU
		{F7F5A9BB-6B92-45C0-83C1-4A10DA74B654}.Demo|Any CPU.ActiveCfg = Demo|Any CPU
		{F7F5A9BB-6B92-45C0-83C1-4A10DA74B654}.Demo|Any CPU.Build.0 = Demo|Any CPU
		{F7F5A9BB-6B92-45C0-83C1-4A10DA74B654}.Dev|Any CPU.ActiveCfg = Dev|Any CPU
		{F7F5A9BB-6B92-45C0-83C1-4A10DA74B654}.Dev|Any CPU.Build.0 = Dev|Any CPU
		{F7F5A9BB-6B92-45C0-83C1-4A10DA74B654}.QA|Any CPU.ActiveCfg = QA|Any CPU
		{F7F5A9BB-6B92-45C0-83C1-4A10DA74B654}.QA|Any CPU.Build.0 = QA|Any CPU
		{F7F5A9BB-6B92-45C0-83C1-4A10DA74B654}.QA2|Any CPU.ActiveCfg = QA2|Any CPU
		{F7F5A9BB-6B92-45C0-83C1-4A10DA74B654}.QA2|Any CPU.Build.0 = QA2|Any CPU
		{F7F5A9BB-6B92-45C0-83C1-4A10DA74B654}.Release|Any CPU.ActiveCfg = Release|Any CPU
		{F7F5A9BB-6B92-45C0-83C1-4A10DA74B654}.Release|Any CPU.Build.0 = Release|Any CPU
		{F7F5A9BB-6B92-45C0-83C1-4A10DA74B654}.UAT|Any CPU.ActiveCfg = UAT|Any CPU
		{F7F5A9BB-6B92-45C0-83C1-4A10DA74B654}.UAT|Any CPU.Build.0 = UAT|Any CPU
		{57E9210A-687F-4DA5-99A2-052644163F1E}.Debug|Any CPU.ActiveCfg = Debug|Any CPU
		{57E9210A-687F-4DA5-99A2-052644163F1E}.Debug|Any CPU.Build.0 = Debug|Any CPU
		{57E9210A-687F-4DA5-99A2-052644163F1E}.Demo|Any CPU.ActiveCfg = Demo|Any CPU
		{57E9210A-687F-4DA5-99A2-052644163F1E}.Demo|Any CPU.Build.0 = Demo|Any CPU
		{57E9210A-687F-4DA5-99A2-052644163F1E}.Dev|Any CPU.ActiveCfg = Dev|Any CPU
		{57E9210A-687F-4DA5-99A2-052644163F1E}.Dev|Any CPU.Build.0 = Dev|Any CPU
		{57E9210A-687F-4DA5-99A2-052644163F1E}.QA|Any CPU.ActiveCfg = QA|Any CPU
		{57E9210A-687F-4DA5-99A2-052644163F1E}.QA|Any CPU.Build.0 = QA|Any CPU
		{57E9210A-687F-4DA5-99A2-052644163F1E}.QA2|Any CPU.ActiveCfg = QA2|Any CPU
		{57E9210A-687F-4DA5-99A2-052644163F1E}.QA2|Any CPU.Build.0 = QA2|Any CPU
		{57E9210A-687F-4DA5-99A2-052644163F1E}.Release|Any CPU.ActiveCfg = Release|Any CPU
		{57E9210A-687F-4DA5-99A2-052644163F1E}.Release|Any CPU.Build.0 = Release|Any CPU
		{57E9210A-687F-4DA5-99A2-052644163F1E}.UAT|Any CPU.ActiveCfg = UAT|Any CPU
		{57E9210A-687F-4DA5-99A2-052644163F1E}.UAT|Any CPU.Build.0 = UAT|Any CPU
		{0280EB17-9EB8-4438-AC2B-28C04D1D1091}.Debug|Any CPU.ActiveCfg = Debug|Any CPU
		{0280EB17-9EB8-4438-AC2B-28C04D1D1091}.Debug|Any CPU.Build.0 = Debug|Any CPU
		{0280EB17-9EB8-4438-AC2B-28C04D1D1091}.Demo|Any CPU.ActiveCfg = Demo|Any CPU
		{0280EB17-9EB8-4438-AC2B-28C04D1D1091}.Demo|Any CPU.Build.0 = Demo|Any CPU
		{0280EB17-9EB8-4438-AC2B-28C04D1D1091}.Dev|Any CPU.ActiveCfg = Dev|Any CPU
		{0280EB17-9EB8-4438-AC2B-28C04D1D1091}.Dev|Any CPU.Build.0 = Dev|Any CPU
		{0280EB17-9EB8-4438-AC2B-28C04D1D1091}.QA|Any CPU.ActiveCfg = QA|Any CPU
		{0280EB17-9EB8-4438-AC2B-28C04D1D1091}.QA|Any CPU.Build.0 = QA|Any CPU
		{0280EB17-9EB8-4438-AC2B-28C04D1D1091}.QA2|Any CPU.ActiveCfg = QA2|Any CPU
		{0280EB17-9EB8-4438-AC2B-28C04D1D1091}.QA2|Any CPU.Build.0 = QA2|Any CPU
		{0280EB17-9EB8-4438-AC2B-28C04D1D1091}.Release|Any CPU.ActiveCfg = Release|Any CPU
		{0280EB17-9EB8-4438-AC2B-28C04D1D1091}.Release|Any CPU.Build.0 = Release|Any CPU
		{0280EB17-9EB8-4438-AC2B-28C04D1D1091}.UAT|Any CPU.ActiveCfg = UAT|Any CPU
		{0280EB17-9EB8-4438-AC2B-28C04D1D1091}.UAT|Any CPU.Build.0 = UAT|Any CPU
		{DA29F9C1-72D9-4F8D-B350-750F5F1504FB}.Debug|Any CPU.ActiveCfg = Debug|Any CPU
		{DA29F9C1-72D9-4F8D-B350-750F5F1504FB}.Debug|Any CPU.Build.0 = Debug|Any CPU
		{DA29F9C1-72D9-4F8D-B350-750F5F1504FB}.Demo|Any CPU.ActiveCfg = Demo|Any CPU
		{DA29F9C1-72D9-4F8D-B350-750F5F1504FB}.Demo|Any CPU.Build.0 = Demo|Any CPU
		{DA29F9C1-72D9-4F8D-B350-750F5F1504FB}.Dev|Any CPU.ActiveCfg = Dev|Any CPU
		{DA29F9C1-72D9-4F8D-B350-750F5F1504FB}.Dev|Any CPU.Build.0 = Dev|Any CPU
		{DA29F9C1-72D9-4F8D-B350-750F5F1504FB}.QA|Any CPU.ActiveCfg = QA|Any CPU
		{DA29F9C1-72D9-4F8D-B350-750F5F1504FB}.QA|Any CPU.Build.0 = QA|Any CPU
		{DA29F9C1-72D9-4F8D-B350-750F5F1504FB}.QA2|Any CPU.ActiveCfg = QA2|Any CPU
		{DA29F9C1-72D9-4F8D-B350-750F5F1504FB}.QA2|Any CPU.Build.0 = QA2|Any CPU
		{DA29F9C1-72D9-4F8D-B350-750F5F1504FB}.Release|Any CPU.ActiveCfg = Release|Any CPU
		{DA29F9C1-72D9-4F8D-B350-750F5F1504FB}.Release|Any CPU.Build.0 = Release|Any CPU
		{DA29F9C1-72D9-4F8D-B350-750F5F1504FB}.UAT|Any CPU.ActiveCfg = UAT|Any CPU
		{DA29F9C1-72D9-4F8D-B350-750F5F1504FB}.UAT|Any CPU.Build.0 = UAT|Any CPU
	EndGlobalSection
	GlobalSection(SolutionProperties) = preSolution
		HideSolutionNode = FALSE
	EndGlobalSection
	GlobalSection(ExtensibilityGlobals) = postSolution
		SolutionGuid = {D83FC205-67FC-463B-86FC-9831E961F371}
	EndGlobalSection
EndGlobal
