
Microsoft Visual Studio Solution File, Format Version 12.00
# Visual Studio Version 16
VisualStudioVersion = 16.0.29911.84
MinimumVisualStudioVersion = 10.0.40219.1
Project("{FAE04EC0-301F-11D3-BF4B-00C04F79EFBC}") = "RevIntel", "RevIntel.csproj", "{EF002B3D-1CDE-44E8-B039-791E1569F0B4}"
EndProject
Project("{FAE04EC0-301F-11D3-BF4B-00C04F79EFBC}") = "BaseUtility", "..\..\..\BaseUtility\BaseUtility.csproj", "{FE2A5F2F-FA49-4E1C-A89B-430DBB8822D3}"
EndProject
Project("{FAE04EC0-301F-11D3-BF4B-00C04F79EFBC}") = "Common", "..\..\..\Common\Common.csproj", "{F7F5A9BB-6B92-45C0-83C1-4A10DA74B654}"
EndProject
Project("{FAE04EC0-301F-11D3-BF4B-00C04F79EFBC}") = "TestData", "..\..\..\TestData\TestData.csproj", "{0280EB17-9EB8-4438-AC2B-28C04D1D1091}"
EndProject
Project("{FAE04EC0-301F-11D3-BF4B-00C04F79EFBC}") = "InfoMessageLogger", "..\..\..\InfoMessageLogger\InfoMessageLogger.csproj", "{57E9210A-687F-4DA5-99A2-052644163F1E}"
EndProject
Global
	GlobalSection(SolutionConfigurationPlatforms) = preSolution
		Debug|Any CPU = Debug|Any CPU
		Release|Any CPU = Release|Any CPU
	EndGlobalSection
	GlobalSection(ProjectConfigurationPlatforms) = postSolution
		{EF002B3D-1CDE-44E8-B039-791E1569F0B4}.Debug|Any CPU.ActiveCfg = Debug|Any CPU
		{EF002B3D-1CDE-44E8-B039-791E1569F0B4}.Debug|Any CPU.Build.0 = Debug|Any CPU
		{EF002B3D-1CDE-44E8-B039-791E1569F0B4}.Release|Any CPU.ActiveCfg = Release|Any CPU
		{EF002B3D-1CDE-44E8-B039-791E1569F0B4}.Release|Any CPU.Build.0 = Release|Any CPU
		{FE2A5F2F-FA49-4E1C-A89B-430DBB8822D3}.Debug|Any CPU.ActiveCfg = Debug|Any CPU
		{FE2A5F2F-FA49-4E1C-A89B-430DBB8822D3}.Debug|Any CPU.Build.0 = Debug|Any CPU
		{FE2A5F2F-FA49-4E1C-A89B-430DBB8822D3}.Release|Any CPU.ActiveCfg = Release|Any CPU
		{FE2A5F2F-FA49-4E1C-A89B-430DBB8822D3}.Release|Any CPU.Build.0 = Release|Any CPU
		{F7F5A9BB-6B92-45C0-83C1-4A10DA74B654}.Debug|Any CPU.ActiveCfg = Debug|Any CPU
		{F7F5A9BB-6B92-45C0-83C1-4A10DA74B654}.Debug|Any CPU.Build.0 = Debug|Any CPU
		{F7F5A9BB-6B92-45C0-83C1-4A10DA74B654}.Release|Any CPU.ActiveCfg = Release|Any CPU
		{F7F5A9BB-6B92-45C0-83C1-4A10DA74B654}.Release|Any CPU.Build.0 = Release|Any CPU
		{0280EB17-9EB8-4438-AC2B-28C04D1D1091}.Debug|Any CPU.ActiveCfg = Debug|Any CPU
		{0280EB17-9EB8-4438-AC2B-28C04D1D1091}.Debug|Any CPU.Build.0 = Debug|Any CPU
		{0280EB17-9EB8-4438-AC2B-28C04D1D1091}.Release|Any CPU.ActiveCfg = Release|Any CPU
		{0280EB17-9EB8-4438-AC2B-28C04D1D1091}.Release|Any CPU.Build.0 = Release|Any CPU
		{57E9210A-687F-4DA5-99A2-052644163F1E}.Debug|Any CPU.ActiveCfg = Debug|Any CPU
		{57E9210A-687F-4DA5-99A2-052644163F1E}.Debug|Any CPU.Build.0 = Debug|Any CPU
		{57E9210A-687F-4DA5-99A2-052644163F1E}.Release|Any CPU.ActiveCfg = Release|Any CPU
		{57E9210A-687F-4DA5-99A2-052644163F1E}.Release|Any CPU.Build.0 = Release|Any CPU
	EndGlobalSection
	GlobalSection(SolutionProperties) = preSolution
		HideSolutionNode = FALSE
	EndGlobalSection
	GlobalSection(ExtensibilityGlobals) = postSolution
		SolutionGuid = {541E38A2-D52A-43D9-AFFF-33FAC7CE4D51}
	EndGlobalSection
EndGlobal
